
Microsoft Visual Studio Solution File, Format Version 12.00
# Visual Studio Version 16
VisualStudioVersion = 16.0.30114.105
MinimumVisualStudioVersion = 10.0.40219.1
Project("{FAE04EC0-301F-11D3-BF4B-00C04F79EFBC}") = "MovieDBAccess.Tests", "MovieDBAccess.Tests\MovieDBAccess.Tests.csproj", "{455D2376-23DC-4DAF-BF12-1800BAF3DC49}"
EndProject
Project("{FAE04EC0-301F-11D3-BF4B-00C04F79EFBC}") = "MovieDbAccess", "MovieDbAccess\MovieDbAccess.csproj", "{C381750E-E243-4A6C-A0F5-6D9D9C4754B9}"
EndProject
Global
	GlobalSection(SolutionConfigurationPlatforms) = preSolution
		Debug|Any CPU = Debug|Any CPU
		Debug|x64 = Debug|x64
		Debug|x86 = Debug|x86
		Release|Any CPU = Release|Any CPU
		Release|x64 = Release|x64
		Release|x86 = Release|x86
	EndGlobalSection
	GlobalSection(SolutionProperties) = preSolution
		HideSolutionNode = FALSE
	EndGlobalSection
	GlobalSection(ProjectConfigurationPlatforms) = postSolution
		{455D2376-23DC-4DAF-BF12-1800BAF3DC49}.Debug|Any CPU.ActiveCfg = Debug|Any CPU
		{455D2376-23DC-4DAF-BF12-1800BAF3DC49}.Debug|Any CPU.Build.0 = Debug|Any CPU
		{455D2376-23DC-4DAF-BF12-1800BAF3DC49}.Debug|x64.ActiveCfg = Debug|Any CPU
		{455D2376-23DC-4DAF-BF12-1800BAF3DC49}.Debug|x64.Build.0 = Debug|Any CPU
		{455D2376-23DC-4DAF-BF12-1800BAF3DC49}.Debug|x86.ActiveCfg = Debug|Any CPU
		{455D2376-23DC-4DAF-BF12-1800BAF3DC49}.Debug|x86.Build.0 = Debug|Any CPU
		{455D2376-23DC-4DAF-BF12-1800BAF3DC49}.Release|Any CPU.ActiveCfg = Release|Any CPU
		{455D2376-23DC-4DAF-BF12-1800BAF3DC49}.Release|Any CPU.Build.0 = Release|Any CPU
		{455D2376-23DC-4DAF-BF12-1800BAF3DC49}.Release|x64.ActiveCfg = Release|Any CPU
		{455D2376-23DC-4DAF-BF12-1800BAF3DC49}.Release|x64.Build.0 = Release|Any CPU
		{455D2376-23DC-4DAF-BF12-1800BAF3DC49}.Release|x86.ActiveCfg = Release|Any CPU
		{455D2376-23DC-4DAF-BF12-1800BAF3DC49}.Release|x86.Build.0 = Release|Any CPU
		{C381750E-E243-4A6C-A0F5-6D9D9C4754B9}.Debug|Any CPU.ActiveCfg = Debug|Any CPU
		{C381750E-E243-4A6C-A0F5-6D9D9C4754B9}.Debug|Any CPU.Build.0 = Debug|Any CPU
		{C381750E-E243-4A6C-A0F5-6D9D9C4754B9}.Debug|x64.ActiveCfg = Debug|Any CPU
		{C381750E-E243-4A6C-A0F5-6D9D9C4754B9}.Debug|x64.Build.0 = Debug|Any CPU
		{C381750E-E243-4A6C-A0F5-6D9D9C4754B9}.Debug|x86.ActiveCfg = Debug|Any CPU
		{C381750E-E243-4A6C-A0F5-6D9D9C4754B9}.Debug|x86.Build.0 = Debug|Any CPU
		{C381750E-E243-4A6C-A0F5-6D9D9C4754B9}.Release|Any CPU.ActiveCfg = Release|Any CPU
		{C381750E-E243-4A6C-A0F5-6D9D9C4754B9}.Release|Any CPU.Build.0 = Release|Any CPU
		{C381750E-E243-4A6C-A0F5-6D9D9C4754B9}.Release|x64.ActiveCfg = Release|Any CPU
		{C381750E-E243-4A6C-A0F5-6D9D9C4754B9}.Release|x64.Build.0 = Release|Any CPU
		{C381750E-E243-4A6C-A0F5-6D9D9C4754B9}.Release|x86.ActiveCfg = Release|Any CPU
		{C381750E-E243-4A6C-A0F5-6D9D9C4754B9}.Release|x86.Build.0 = Release|Any CPU
	EndGlobalSection
EndGlobal
